# THIS IS AN AUTOGENERATED FILE. DO NOT EDIT THIS FILE DIRECTLY.
# yarn lockfile v1


commander@*:
  version "2.15.1"
  resolved "https://registry.yarnpkg.com/commander/-/commander-2.15.1.tgz#df46e867d0fc2aec66a34662b406a9ccafff5b0f"

mockjs@^1.0.1-beta3:
  version "1.0.1-beta3"
  resolved "https://registry.yarnpkg.com/mockjs/-/mockjs-1.0.1-beta3.tgz#d234f3c27256397564f2c955142e891909537209"
  dependencies:
    commander "*"
